
Microsoft Visual Studio Solution File, Format Version 12.00
# Visual Studio Version 16
VisualStudioVersion = 16.0.32510.428
MinimumVisualStudioVersion = 10.0.40219.1
Project("{FAE04EC0-301F-11D3-BF4B-00C04F79EFBC}") = "ConsoleApp1(Home_Task_CardGame)", "ConsoleApp1(Home_Task_CardGame).csproj", "{91DAAB1D-BBC1-4FDD-A0DD-E28EA9621A17}"
EndProject
Global
	GlobalSection(SolutionConfigurationPlatforms) = preSolution
		Debug|Any CPU = Debug|Any CPU
		Release|Any CPU = Release|Any CPU
	EndGlobalSection
	GlobalSection(ProjectConfigurationPlatforms) = postSolution
		{91DAAB1D-BBC1-4FDD-A0DD-E28EA9621A17}.Debug|Any CPU.ActiveCfg = Debug|Any CPU
		{91DAAB1D-BBC1-4FDD-A0DD-E28EA9621A17}.Debug|Any CPU.Build.0 = Debug|Any CPU
		{91DAAB1D-BBC1-4FDD-A0DD-E28EA9621A17}.Release|Any CPU.ActiveCfg = Release|Any CPU
		{91DAAB1D-BBC1-4FDD-A0DD-E28EA9621A17}.Release|Any CPU.Build.0 = Release|Any CPU
	EndGlobalSection
	GlobalSection(SolutionProperties) = preSolution
		HideSolutionNode = FALSE
	EndGlobalSection
	GlobalSection(ExtensibilityGlobals) = postSolution
		SolutionGuid = {54422ADA-8EEC-46AB-9EC0-8B82FA039720}
	EndGlobalSection
EndGlobal
